lockfileVersion: 5.4

overrides:
  react-monaco-editor@0.43.0>monaco-editor: ^0.23.0

packageExtensionsChecksum: 662bbd7c100aa81b6a285b3204e4d9e4

importers:
  packages/serverless-workflow-language-service:
    specifiers:
      "@kie-tools-core/run-script-if": 0.0.0
      "@kie-tools/build-env": 0.0.0
      "@kie-tools/serverless-workflow-service-catalog": 0.0.0
      "@types/json-to-ast": ^2.1.2
      json-to-ast: ^2.1.0
      jsonata: ^1.8.3
      jsonc-parser: ^3.0.0
      vscode-languageserver-textdocument: ^1.0.4
      vscode-languageserver-types: ^3.16.0
      yaml-language-server-parser: ^0.1.3
    dependencies:
      "@kie-tools/serverless-workflow-service-catalog": link:../serverless-workflow-service-catalog
      json-to-ast: 2.1.0
      jsonata: 1.8.6
      yaml-language-server-parser: 0.1.3
    devDependencies:
      "@kie-tools-core/run-script-if": link:../run-script-if
      "@kie-tools/build-env": link:../build-env
      "@types/json-to-ast": 2.1.2
      jsonc-parser: 3.0.0
      vscode-languageserver-textdocument: 1.0.4
      vscode-languageserver-types: 3.16.0

packages:
  /@types/json-to-ast/2.1.2:
    resolution:
      { integrity: sha512-GEjR5l9wZGS74KhL1a1tZuyRJqdLB7LGgOXzWspJx9xxC/iyCFTwwKv71Lz8fzZyGuVW8FjASQGoYFi6XZJWLQ== }
    dev: true

  /code-error-fragment/0.0.230:
    resolution:
      { integrity: sha512-cadkfKp6932H8UkhzE/gcUqhRMNf8jHzkAN7+5Myabswaghu4xABTgPHDCjW+dBAJxj/SpkTYokpzDqY4pCzQw== }
    engines: { node: ">= 4" }
    dev: false

  /grapheme-splitter/1.0.4:
    resolution:
      { integrity: sha512-bzh50DW9kTPM00T8y4o8vQg89Di9oLJVLW/KaOGIXJWP/iqCN6WKYkbNOF04vFLJhwcpYUh9ydh/+5vpOqV4YQ== }
    dev: false

  /json-to-ast/2.1.0:
    resolution:
      { integrity: sha512-W9Lq347r8tA1DfMvAGn9QNcgYm4Wm7Yc+k8e6vezpMnRT+NHbtlxgNBXRVjXe9YM6eTn6+p/MKOlV/aABJcSnQ== }
    engines: { node: ">= 4" }
    dependencies:
      code-error-fragment: 0.0.230
      grapheme-splitter: 1.0.4
    dev: false

  /jsonata/1.8.6:
    resolution:
      { integrity: sha512-ZH2TPYdNP2JecOl/HvrH47Xc+9imibEMQ4YqKy/F/FrM+2a6vfbGxeCX23dB9Fr6uvGwv+ghf1KxWB3iZk09wA== }
    engines: { node: ">= 8" }
    dev: false

  /jsonc-parser/3.0.0:
    resolution:
      { integrity: sha512-fQzRfAbIBnR0IQvftw9FJveWiHp72Fg20giDrHz6TdfB12UH/uue0D3hm57UB5KgAVuniLMCaS8P1IMj9NR7cA== }
    dev: true

  /vscode-languageserver-textdocument/1.0.4:
    resolution:
      { integrity: sha512-/xhqXP/2A2RSs+J8JNXpiiNVvvNM0oTosNVmQnunlKvq9o4mupHOBAnnzH0lwIPKazXKvAKsVp1kr+H/K4lgoQ== }
    dev: true

  /vscode-languageserver-types/3.16.0:
    resolution:
      { integrity: sha512-k8luDIWJWyenLc5ToFQQMaSrqCHiLwyKPHKPQZ5zz21vM+vIVUSvsRpcbiECH4WR88K2XZqc4ScRcZ7nk/jbeA== }
    dev: true

  /yaml-language-server-parser/0.1.3:
    resolution:
      { integrity: sha512-xD2I+6M/vqQvcy4ded8JpXUaDHXmZMdhIO3OpuiFxstutwnW4whrfDzNcrsfXVdgMWqOUpdv3747Q081PFN1+g== }
    dev: false
